// !$*UTF8*$!
{
	archiveVersion = 1;
	classes = {
	};
	objectVersion = 56;
	objects = {

/* Begin PBXBuildFile section */
		B10000000000000000000001 /* NeoFSMountApp.swift in Sources */ = {isa = PBXBuildFile; fileRef = F10000000000000000000001 /* NeoFSMountApp.swift */; };
		B10000000000000000000002 /* ContentView.swift in Sources */ = {isa = PBXBuildFile; fileRef = F10000000000000000000002 /* ContentView.swift */; };
		B10000000000000000000003 /* FileProviderExtension.swift in Sources */ = {isa = PBXBuildFile; fileRef = F10000000000000000000003 /* FileProviderExtension.swift */; };
		B10000000000000000000004 /* NeoFSMountFileProvider.appex in Embed Foundation Extensions */ = {isa = PBXBuildFile; fileRef = F10000000000000000000020 /* NeoFSMountFileProvider.appex */; settings = {ATTRIBUTES = (RemoveHeadersOnCopy, ); }; };
/* End PBXBuildFile section */

/* Begin PBXCopyFilesBuildPhase section */
		C10000000000000000000001 /* Embed Foundation Extensions */ = {
			isa = PBXCopyFilesBuildPhase;
			buildActionMask = 2147483647;
			dstPath = "";
			dstSubfolderSpec = 13;
			files = (
				B10000000000000000000004 /* NeoFSMountFileProvider.appex in Embed Foundation Extensions */,
			);
			name = "Embed Foundation Extensions";
			runOnlyForDeploymentPostprocessing = 0;
		};
/* End PBXCopyFilesBuildPhase section */

/* Begin PBXFileReference section */
		F10000000000000000000001 /* NeoFSMountApp.swift */ = {isa = PBXFileReference; lastKnownFileType = sourcecode.swift; path = NeoFSMountApp.swift; sourceTree = "<group>"; };
		F10000000000000000000002 /* ContentView.swift */ = {isa = PBXFileReference; lastKnownFileType = sourcecode.swift; path = ContentView.swift; sourceTree = "<group>"; };
		F10000000000000000000003 /* FileProviderExtension.swift */ = {isa = PBXFileReference; lastKnownFileType = sourcecode.swift; path = FileProviderExtension.swift; sourceTree = "<group>"; };
		F10000000000000000000010 /* NeoFSMount.app */ = {isa = PBXFileReference; explicitFileType = wrapper.application; includeInIndex = 0; path = NeoFSMount.app; sourceTree = BUILT_PRODUCTS_DIR; };
		F10000000000000000000020 /* NeoFSMountFileProvider.appex */ = {isa = PBXFileReference; explicitFileType = "wrapper.app-extension"; includeInIndex = 0; path = NeoFSMountFileProvider.appex; sourceTree = BUILT_PRODUCTS_DIR; };
		F10000000000000000000030 /* Info.plist */ = {isa = PBXFileReference; lastKnownFileType = text.plist.xml; path = Info.plist; sourceTree = "<group>"; };
		F10000000000000000000031 /* NeoFSMount.entitlements */ = {isa = PBXFileReference; lastKnownFileType = text.plist.entitlements; path = NeoFSMount.entitlements; sourceTree = "<group>"; };
		F10000000000000000000032 /* FileProviderExtension.entitlements */ = {isa = PBXFileReference; lastKnownFileType = text.plist.entitlements; path = FileProviderExtension.entitlements; sourceTree = "<group>"; };
		F10000000000000000000040 /* neofs_fp_api.h */ = {isa = PBXFileReference; lastKnownFileType = sourcecode.c.h; path = neofs_fp_api.h; sourceTree = "<group>"; };
		F10000000000000000000041 /* NeoFSMount-Bridging-Header.h */ = {isa = PBXFileReference; lastKnownFileType = sourcecode.c.h; path = "NeoFSMount-Bridging-Header.h"; sourceTree = "<group>"; };
/* End PBXFileReference section */

/* Begin PBXFrameworksBuildPhase section */
		FW00000000000000000000001 /* Frameworks */ = {
			isa = PBXFrameworksBuildPhase;
			buildActionMask = 2147483647;
			files = (
			);
			runOnlyForDeploymentPostprocessing = 0;
		};
		FW00000000000000000000002 /* Frameworks */ = {
			isa = PBXFrameworksBuildPhase;
			buildActionMask = 2147483647;
			files = (
			);
			runOnlyForDeploymentPostprocessing = 0;
		};
/* End PBXFrameworksBuildPhase section */

/* Begin PBXGroup section */
		G10000000000000000000001 = {
			isa = PBXGroup;
			children = (
				G10000000000000000000002 /* NeoFSMount */,
				G10000000000000000000003 /* FileProviderExtension */,
				G10000000000000000000004 /* Shared */,
				G10000000000000000000005 /* Products */,
			);
			sourceTree = "<group>";
		};
		G10000000000000000000002 /* NeoFSMount */ = {
			isa = PBXGroup;
			children = (
				F10000000000000000000001 /* NeoFSMountApp.swift */,
				F10000000000000000000002 /* ContentView.swift */,
				F10000000000000000000031 /* NeoFSMount.entitlements */,
			);
			path = NeoFSMount;
			sourceTree = "<group>";
		};
		G10000000000000000000003 /* FileProviderExtension */ = {
			isa = PBXGroup;
			children = (
				F10000000000000000000003 /* FileProviderExtension.swift */,
				F10000000000000000000030 /* Info.plist */,
				F10000000000000000000032 /* FileProviderExtension.entitlements */,
			);
			path = FileProviderExtension;
			sourceTree = "<group>";
		};
		G10000000000000000000004 /* Shared */ = {
			isa = PBXGroup;
			children = (
				F10000000000000000000040 /* neofs_fp_api.h */,
				F10000000000000000000041 /* NeoFSMount-Bridging-Header.h */,
			);
			path = Shared;
			sourceTree = "<group>";
		};
		G10000000000000000000005 /* Products */ = {
			isa = PBXGroup;
			children = (
				F10000000000000000000010 /* NeoFSMount.app */,
				F10000000000000000000020 /* NeoFSMountFileProvider.appex */,
			);
			name = Products;
			sourceTree = "<group>";
		};
/* End PBXGroup section */

/* Begin PBXNativeTarget section */
		T10000000000000000000001 /* NeoFSMount */ = {
			isa = PBXNativeTarget;
			buildConfigurationList = XC10000000000000000000001 /* Build configuration list for PBXNativeTarget "NeoFSMount" */;
			buildPhases = (
				S10000000000000000000001 /* Build Go static library */,
				SRC0000000000000000000001 /* Sources */,
				FW00000000000000000000001 /* Frameworks */,
				C10000000000000000000001 /* Embed Foundation Extensions */,
			);
			buildRules = (
			);
			dependencies = (
				T10000000000000000000002 /* PBXTargetDependency */,
			);
			name = NeoFSMount;
			productName = NeoFSMount;
			productReference = F10000000000000000000010 /* NeoFSMount.app */;
			productType = "com.apple.product-type.application";
		};
		T10000000000000000000003 /* NeoFSMountFileProvider */ = {
			isa = PBXNativeTarget;
			buildConfigurationList = XC10000000000000000000002 /* Build configuration list for PBXNativeTarget "NeoFSMountFileProvider" */;
			buildPhases = (
				S10000000000000000000002 /* Build Go static library */,
				SRC0000000000000000000002 /* Sources */,
				FW00000000000000000000002 /* Frameworks */,
			);
			buildRules = (
			);
			dependencies = (
			);
			name = NeoFSMountFileProvider;
			productName = NeoFSMountFileProvider;
			productReference = F10000000000000000000020 /* NeoFSMountFileProvider.appex */;
			productType = "com.apple.product-type.app-extension";
		};
/* End PBXNativeTarget section */

/* Begin PBXProject section */
		P10000000000000000000001 /* Project object */ = {
			isa = PBXProject;
			attributes = {
				BuildIndependentTargetsInParallel = 1;
				LastSwiftUpdateCheck = 1500;
				LastUpgradeCheck = 1500;
				TargetAttributes = {
					T10000000000000000000001 = {
						CreatedOnToolsVersion = 15.0;
					};
					T10000000000000000000003 = {
						CreatedOnToolsVersion = 15.0;
					};
				};
			};
			buildConfigurationList = XC10000000000000000000003 /* Build configuration list for PBXProject "NeoFSMount" */;
			compatibilityVersion = "Xcode 14.0";
			developmentRegion = en;
			hasScannedForEncodings = 0;
			knownRegions = (
				en,
				Base,
			);
			mainGroup = G10000000000000000000001;
			productRefGroup = G10000000000000000000005 /* Products */;
			projectDirPath = "";
			projectRoot = "";
			targets = (
				T10000000000000000000001 /* NeoFSMount */,
				T10000000000000000000003 /* NeoFSMountFileProvider */,
			);
		};
/* End PBXProject section */

/* Begin PBXShellScriptBuildPhase section */
		S10000000000000000000001 /* Build Go static library */ = {
			isa = PBXShellScriptBuildPhase;
			buildActionMask = 2147483647;
			files = (
			);
			inputFileListPaths = (
			);
			inputPaths = (
			);
			name = "Build Go static library";
			outputFileListPaths = (
			);
			outputPaths = (
				"$(DERIVED_FILE_DIR)/libneofsfp.a",
				"$(DERIVED_FILE_DIR)/libneofsfp.h",
			);
			runOnlyForDeploymentPostprocessing = 0;
			shellPath = /bin/sh;
			shellScript = "set -euo pipefail\nexport PATH=\"/usr/local/go/bin:/opt/homebrew/bin:${PATH}\"\nGDIR=\"${SRCROOT}/../GoBridge\"\nOUT=\"${DERIVED_FILE_DIR}/libneofsfp\"\ncase \" ${ARCHS} \" in\n  *\" x86_64 \"*) GOARCH=amd64 ;;\n  *) GOARCH=arm64 ;;\nesac\nexport CGO_ENABLED=1\nexport GOOS=darwin\nexport GOARCH\ncd \"${GDIR}\"\ngo build -buildmode=c-archive -trimpath -o \"${OUT}.a\" .\n";
		};
		S10000000000000000000002 /* Build Go static library */ = {
			isa = PBXShellScriptBuildPhase;
			buildActionMask = 2147483647;
			files = (
			);
			inputFileListPaths = (
			);
			inputPaths = (
			);
			name = "Build Go static library";
			outputFileListPaths = (
			);
			outputPaths = (
				"$(DERIVED_FILE_DIR)/libneofsfp.a",
				"$(DERIVED_FILE_DIR)/libneofsfp.h",
			);
			runOnlyForDeploymentPostprocessing = 0;
			shellPath = /bin/sh;
			shellScript = "set -euo pipefail\nexport PATH=\"/usr/local/go/bin:/opt/homebrew/bin:${PATH}\"\nGDIR=\"${SRCROOT}/../GoBridge\"\nOUT=\"${DERIVED_FILE_DIR}/libneofsfp\"\ncase \" ${ARCHS} \" in\n  *\" x86_64 \"*) GOARCH=amd64 ;;\n  *) GOARCH=arm64 ;;\nesac\nexport CGO_ENABLED=1\nexport GOOS=darwin\nexport GOARCH\ncd \"${GDIR}\"\ngo build -buildmode=c-archive -trimpath -o \"${OUT}.a\" .\n";
		};
/* End PBXShellScriptBuildPhase section */

/* Begin PBXSourcesBuildPhase section */
		SRC0000000000000000000001 /* Sources */ = {
			isa = PBXSourcesBuildPhase;
			buildActionMask = 2147483647;
			files = (
				B10000000000000000000001 /* NeoFSMountApp.swift in Sources */,
				B10000000000000000000002 /* ContentView.swift in Sources */,
			);
			runOnlyForDeploymentPostprocessing = 0;
		};
		SRC0000000000000000000002 /* Sources */ = {
			isa = PBXSourcesBuildPhase;
			buildActionMask = 2147483647;
			files = (
				B10000000000000000000003 /* FileProviderExtension.swift in Sources */,
			);
			runOnlyForDeploymentPostprocessing = 0;
		};
/* End PBXSourcesBuildPhase section */

/* Begin PBXTargetDependency section */
		T10000000000000000000002 /* PBXTargetDependency */ = {
			isa = PBXTargetDependency;
			target = T10000000000000000000003 /* NeoFSMountFileProvider */;
			targetProxy = T10000000000000000000004 /* PBXContainerItemProxy */;
		};
/* End PBXTargetDependency section */

/* Begin PBXContainerItemProxy section */
		T10000000000000000000004 /* PBXContainerItemProxy */ = {
			isa = PBXContainerItemProxy;
			containerPortal = P10000000000000000000001 /* Project object */;
			proxyType = 1;
			remoteGlobalIDString = T10000000000000000000003;
			remoteInfo = NeoFSMountFileProvider;
		};
/* End PBXContainerItemProxy section */

/* Begin XCBuildConfiguration section */
		XC20000000000000000000001 /* Debug */ = {
			isa = XCBuildConfiguration;
			buildSettings = {
				ALWAYS_SEARCH_USER_PATHS = NO;
				CLANG_ENABLE_MODULES = YES;
				CODE_SIGN_ENTITLEMENTS = NeoFSMount/NeoFSMount.entitlements;
				CODE_SIGN_STYLE = Automatic;
				CURRENT_PROJECT_VERSION = 1;
				DEVELOPMENT_TEAM = "";
				ENABLE_HARDENED_RUNTIME = YES;
				GENERATE_INFOPLIST_FILE = YES;
				HEADER_SEARCH_PATHS = (
					"$(SRCROOT)/Shared",
					"$(DERIVED_FILE_DIR)",
				);
				INFOPLIST_KEY_CFBundleDisplayName = "NeoFS Mount";
				INFOPLIST_KEY_LSApplicationCategoryType = "public.app-category.utilities";
				INFOPLIST_KEY_NSHumanReadableCopyright = "";
				LD_RUNPATH_SEARCH_PATHS = (
					"$(inherited)",
					"@executable_path/../Frameworks",
				);
				MACOSX_DEPLOYMENT_TARGET = 12.4;
				MARKETING_VERSION = 0.1.0;
				OTHER_LDFLAGS = (
					"$(inherited)",
					"-Wl,-force_load,$(DERIVED_FILE_DIR)/libneofsfp.a",
					"-framework",
					FileProvider,
					"-lpthread",
				);
				PRODUCT_BUNDLE_IDENTIFIER = org.neofs.mount;
				PRODUCT_NAME = "$(TARGET_NAME)";
				SWIFT_EMIT_LOC_STRINGS = YES;
				SWIFT_OBJC_BRIDGING_HEADER = "Shared/NeoFSMount-Bridging-Header.h";
				SWIFT_VERSION = 5.0;
			};
			name = Debug;
		};
		XC20000000000000000000002 /* Release */ = {
			isa = XCBuildConfiguration;
			buildSettings = {
				ALWAYS_SEARCH_USER_PATHS = NO;
				CLANG_ENABLE_MODULES = YES;
				CODE_SIGN_ENTITLEMENTS = NeoFSMount/NeoFSMount.entitlements;
				CODE_SIGN_STYLE = Automatic;
				CURRENT_PROJECT_VERSION = 1;
				DEVELOPMENT_TEAM = "";
				ENABLE_HARDENED_RUNTIME = YES;
				GENERATE_INFOPLIST_FILE = YES;
				HEADER_SEARCH_PATHS = (
					"$(SRCROOT)/Shared",
					"$(DERIVED_FILE_DIR)",
				);
				INFOPLIST_KEY_CFBundleDisplayName = "NeoFS Mount";
				INFOPLIST_KEY_LSApplicationCategoryType = "public.app-category.utilities";
				INFOPLIST_KEY_NSHumanReadableCopyright = "";
				LD_RUNPATH_SEARCH_PATHS = (
					"$(inherited)",
					"@executable_path/../Frameworks",
				);
				MACOSX_DEPLOYMENT_TARGET = 12.4;
				MARKETING_VERSION = 0.1.0;
				OTHER_LDFLAGS = (
					"$(inherited)",
					"-Wl,-force_load,$(DERIVED_FILE_DIR)/libneofsfp.a",
					"-framework",
					FileProvider,
					"-lpthread",
				);
				PRODUCT_BUNDLE_IDENTIFIER = org.neofs.mount;
				PRODUCT_NAME = "$(TARGET_NAME)";
				SWIFT_EMIT_LOC_STRINGS = YES;
				SWIFT_OBJC_BRIDGING_HEADER = "Shared/NeoFSMount-Bridging-Header.h";
				SWIFT_VERSION = 5.0;
			};
			name = Release;
		};
		XC20000000000000000000003 /* Debug */ = {
			isa = XCBuildConfiguration;
			buildSettings = {
				CODE_SIGN_ENTITLEMENTS = FileProviderExtension/FileProviderExtension.entitlements;
				CODE_SIGN_STYLE = Automatic;
				CURRENT_PROJECT_VERSION = 1;
				DEVELOPMENT_TEAM = "";
				GENERATE_INFOPLIST_FILE = NO;
				HEADER_SEARCH_PATHS = (
					"$(SRCROOT)/Shared",
					"$(DERIVED_FILE_DIR)",
				);
				INFOPLIST_FILE = FileProviderExtension/Info.plist;
				INFOPLIST_KEY_CFBundleDisplayName = "NeoFS File Provider";
				INFOPLIST_KEY_NSHumanReadableCopyright = "";
				LD_RUNPATH_SEARCH_PATHS = (
					"$(inherited)",
					"@executable_path/../Frameworks",
					"@executable_path/../../../../Frameworks",
				);
				MACOSX_DEPLOYMENT_TARGET = 12.4;
				MARKETING_VERSION = 0.1.0;
				OTHER_LDFLAGS = (
					"$(inherited)",
					"-Wl,-force_load,$(DERIVED_FILE_DIR)/libneofsfp.a",
					"-framework",
					FileProvider,
					"-lpthread",
				);
				PRODUCT_BUNDLE_IDENTIFIER = org.neofs.mount.FileProvider;
				PRODUCT_NAME = "$(TARGET_NAME)";
				PRODUCT_MODULE_NAME = NeoFSMountFileProvider;
				SKIP_INSTALL = YES;
				SWIFT_EMIT_LOC_STRINGS = YES;
				SWIFT_OBJC_BRIDGING_HEADER = "Shared/NeoFSMount-Bridging-Header.h";
				SWIFT_VERSION = 5.0;
			};
			name = Debug;
		};
		XC20000000000000000000004 /* Release */ = {
			isa = XCBuildConfiguration;
			buildSettings = {
				CODE_SIGN_ENTITLEMENTS = FileProviderExtension/FileProviderExtension.entitlements;
				CODE_SIGN_STYLE = Automatic;
				CURRENT_PROJECT_VERSION = 1;
				DEVELOPMENT_TEAM = "";
				GENERATE_INFOPLIST_FILE = NO;
				HEADER_SEARCH_PATHS = (
					"$(SRCROOT)/Shared",
					"$(DERIVED_FILE_DIR)",
				);
				INFOPLIST_FILE = FileProviderExtension/Info.plist;
				INFOPLIST_KEY_CFBundleDisplayName = "NeoFS File Provider";
				INFOPLIST_KEY_NSHumanReadableCopyright = "";
				LD_RUNPATH_SEARCH_PATHS = (
					"$(inherited)",
					"@executable_path/../Frameworks",
					"@executable_path/../../../../Frameworks",
				);
				MACOSX_DEPLOYMENT_TARGET = 12.4;
				MARKETING_VERSION = 0.1.0;
				OTHER_LDFLAGS = (
					"$(inherited)",
					"-Wl,-force_load,$(DERIVED_FILE_DIR)/libneofsfp.a",
					"-framework",
					FileProvider,
					"-lpthread",
				);
				PRODUCT_BUNDLE_IDENTIFIER = org.neofs.mount.FileProvider;
				PRODUCT_NAME = "$(TARGET_NAME)";
				PRODUCT_MODULE_NAME = NeoFSMountFileProvider;
				SKIP_INSTALL = YES;
				SWIFT_EMIT_LOC_STRINGS = YES;
				SWIFT_OBJC_BRIDGING_HEADER = "Shared/NeoFSMount-Bridging-Header.h";
				SWIFT_VERSION = 5.0;
			};
			name = Release;
		};
		XC20000000000000000000005 /* Debug */ = {
			isa = XCBuildConfiguration;
			buildSettings = {
				CLANG_ANALYZER_NONNULL = YES;
				CLANG_ANALYZER_NUMBER_OBJECT_CONVERSION = YES_AGGRESSIVE;
				CLANG_CXX_LANGUAGE_STANDARD = "gnu++20";
				CLANG_ENABLE_OBJC_ARC = YES;
				CLANG_ENABLE_OBJC_WEAK = YES;
				CLANG_WARN_BLOCK_CAPTURE_AUTORELEASING = YES;
				CLANG_WARN_BOOL_CONVERSION = YES;
				CLANG_WARN_COMMA = YES;
				CLANG_WARN_CONSTANT_CONVERSION = YES;
				CLANG_WARN_DEPRECATED_OBJC_IMPLEMENTATIONS = YES;
				CLANG_WARN_DIRECT_OBJC_ISA_USAGE = YES_ERROR;
				CLANG_WARN_DOCUMENTATION_COMMENTS = YES;
				CLANG_WARN_EMPTY_BODY = YES;
				CLANG_WARN_ENUM_CONVERSION = YES;
				CLANG_WARN_INFINITE_RECURSION = YES;
				CLANG_WARN_INT_CONVERSION = YES;
				CLANG_WARN_NON_LITERAL_NULL_CONVERSION = YES;
				CLANG_WARN_OBJC_IMPLICIT_RETAIN_SELF = YES;
				CLANG_WARN_OBJC_LITERAL_CONVERSION = YES;
				CLANG_WARN_OBJC_ROOT_CLASS = YES_ERROR;
				CLANG_WARN_QUOTED_INCLUDE_IN_FRAMEWORK_HEADER = YES;
				CLANG_WARN_RANGE_LOOP_ANALYSIS = YES;
				CLANG_WARN_STRICT_PROTOTYPES = YES;
				CLANG_WARN_SUSPICIOUS_MOVE = YES;
				CLANG_WARN_UNGUARDED_AVAILABILITY = YES_AGGRESSIVE;
				CLANG_WARN_UNREACHABLE_CODE = YES;
				CLANG_WARN__DUPLICATE_METHOD_MATCH = YES;
				CODE_SIGN_IDENTITY = "-";
				COPY_PHASE_STRIP = NO;
				DEBUG_INFORMATION_FORMAT = dwarf;
				ENABLE_STRICT_OBJC_MSGSEND = YES;
				ENABLE_TESTABILITY = YES;
				GCC_C_LANGUAGE_STANDARD = gnu17;
				GCC_DYNAMIC_NO_PIC = NO;
				GCC_NO_COMMON_BLOCKS = YES;
				GCC_OPTIMIZATION_LEVEL = 0;
				GCC_PREPROCESSOR_DEFINITIONS = (
					"DEBUG=1",
					"$(inherited)",
				);
				GCC_WARN_64_TO_32_BIT_CONVERSION = YES;
				GCC_WARN_ABOUT_RETURN_TYPE = YES_ERROR;
				GCC_WARN_UNDECLARED_SELECTOR = YES;
				GCC_WARN_UNINITIALIZED_AUTOS = YES_AGGRESSIVE;
				GCC_WARN_UNUSED_FUNCTION = YES;
				GCC_WARN_UNUSED_VARIABLE = YES;
				MTL_ENABLE_DEBUG_INFO = INCLUDE_SOURCE;
				MTL_FAST_MATH = YES;
				ONLY_ACTIVE_ARCH = YES;
				SDKROOT = macosx;
				SWIFT_ACTIVE_COMPILATION_CONDITIONS = DEBUG;
				SWIFT_OPTIMIZATION_LEVEL = "-Onone";
			};
			name = Debug;
		};
		XC20000000000000000000006 /* Release */ = {
			isa = XCBuildConfiguration;
			buildSettings = {
				CLANG_ANALYZER_NONNULL = YES;
				CLANG_ANALYZER_NUMBER_OBJECT_CONVERSION = YES_AGGRESSIVE;
				CLANG_CXX_LANGUAGE_STANDARD = "gnu++20";
				CLANG_ENABLE_OBJC_ARC = YES;
				CLANG_ENABLE_OBJC_WEAK = YES;
				CLANG_WARN_BLOCK_CAPTURE_AUTORELEASING = YES;
				CLANG_WARN_BOOL_CONVERSION = YES;
				CLANG_WARN_COMMA = YES;
				CLANG_WARN_CONSTANT_CONVERSION = YES;
				CLANG_WARN_DEPRECATED_OBJC_IMPLEMENTATIONS = YES;
				CLANG_WARN_DIRECT_OBJC_ISA_USAGE = YES_ERROR;
				CLANG_WARN_DOCUMENTATION_COMMENTS = YES;
				CLANG_WARN_EMPTY_BODY = YES;
				CLANG_WARN_ENUM_CONVERSION = YES;
				CLANG_WARN_INFINITE_RECURSION = YES;
				CLANG_WARN_INT_CONVERSION = YES;
				CLANG_WARN_NON_LITERAL_NULL_CONVERSION = YES;
				CLANG_WARN_OBJC_IMPLICIT_RETAIN_SELF = YES;
				CLANG_WARN_OBJC_LITERAL_CONVERSION = YES;
				CLANG_WARN_OBJC_ROOT_CLASS = YES_ERROR;
				CLANG_WARN_QUOTED_INCLUDE_IN_FRAMEWORK_HEADER = YES;
				CLANG_WARN_RANGE_LOOP_ANALYSIS = YES;
				CLANG_WARN_STRICT_PROTOTYPES = YES;
				CLANG_WARN_SUSPICIOUS_MOVE = YES;
				CLANG_WARN_UNGUARDED_AVAILABILITY = YES_AGGRESSIVE;
				CLANG_WARN_UNREACHABLE_CODE = YES;
				CLANG_WARN__DUPLICATE_METHOD_MATCH = YES;
				CODE_SIGN_IDENTITY = "-";
				COPY_PHASE_STRIP = NO;
				DEBUG_INFORMATION_FORMAT = "dwarf-with-dsym";
				ENABLE_NS_ASSERTIONS = NO;
				ENABLE_STRICT_OBJC_MSGSEND = YES;
				GCC_C_LANGUAGE_STANDARD = gnu17;
				GCC_NO_COMMON_BLOCKS = YES;
				GCC_WARN_64_TO_32_BIT_CONVERSION = YES;
				GCC_WARN_ABOUT_RETURN_TYPE = YES_ERROR;
				GCC_WARN_UNDECLARED_SELECTOR = YES;
				GCC_WARN_UNINITIALIZED_AUTOS = YES_AGGRESSIVE;
				GCC_WARN_UNUSED_FUNCTION = YES;
				GCC_WARN_UNUSED_VARIABLE = YES;
				MTL_ENABLE_DEBUG_INFO = NO;
				MTL_FAST_MATH = YES;
				SDKROOT = macosx;
				SWIFT_COMPILATION_MODE = wholemodule;
			};
			name = Release;
		};
/* End XCBuildConfiguration section */

/* Begin XCConfigurationList section */
		XC10000000000000000000001 /* Build configuration list for PBXNativeTarget "NeoFSMount" */ = {
			isa = XCConfigurationList;
			buildConfigurations = (
				XC20000000000000000000001 /* Debug */,
				XC20000000000000000000002 /* Release */,
			);
			defaultConfigurationIsVisible = 0;
			defaultConfigurationName = Release;
		};
		XC10000000000000000000002 /* Build configuration list for PBXNativeTarget "NeoFSMountFileProvider" */ = {
			isa = XCConfigurationList;
			buildConfigurations = (
				XC20000000000000000000003 /* Debug */,
				XC20000000000000000000004 /* Release */,
			);
			defaultConfigurationIsVisible = 0;
			defaultConfigurationName = Release;
		};
		XC10000000000000000000003 /* Build configuration list for PBXProject "NeoFSMount" */ = {
			isa = XCConfigurationList;
			buildConfigurations = (
				XC20000000000000000000005 /* Debug */,
				XC20000000000000000000006 /* Release */,
			);
			defaultConfigurationIsVisible = 0;
			defaultConfigurationName = Release;
		};
/* End XCConfigurationList section */
	};
	rootObject = P10000000000000000000001 /* Project object */;
}
